
Microsoft Visual Studio Solution File, Format Version 12.00
# Visual Studio Version 16
VisualStudioVersion = 16.0.33214.272
MinimumVisualStudioVersion = 10.0.40219.1
Project("{FAE04EC0-301F-11D3-BF4B-00C04F79EFBC}") = "TBird.Roslyn", "TBird.Roslyn.csproj", "{77699416-5802-4FD2-88CA-857383F1B1EE}"
EndProject
Global
	GlobalSection(SolutionConfigurationPlatforms) = preSolution
		Debug|Any CPU = Debug|Any CPU
		Release|Any CPU = Release|Any CPU
	EndGlobalSection
	GlobalSection(ProjectConfigurationPlatforms) = postSolution
		{77699416-5802-4FD2-88CA-857383F1B1EE}.Debug|Any CPU.ActiveCfg = Debug|Any CPU
		{77699416-5802-4FD2-88CA-857383F1B1EE}.Debug|Any CPU.Build.0 = Debug|Any CPU
		{77699416-5802-4FD2-88CA-857383F1B1EE}.Release|Any CPU.ActiveCfg = Release|Any CPU
		{77699416-5802-4FD2-88CA-857383F1B1EE}.Release|Any CPU.Build.0 = Release|Any CPU
	EndGlobalSection
	GlobalSection(SolutionProperties) = preSolution
		HideSolutionNode = FALSE
	EndGlobalSection
	GlobalSection(ExtensibilityGlobals) = postSolution
		SolutionGuid = {01F373EE-F4A0-4146-8E63-E4D044701220}
	EndGlobalSection
EndGlobal
