
Microsoft Visual Studio Solution File, Format Version 12.00
# Visual Studio Version 16
VisualStudioVersion = 16.0.33214.272
MinimumVisualStudioVersion = 10.0.40219.1
Project("{FAE04EC0-301F-11D3-BF4B-00C04F79EFBC}") = "TBird.IO", "TBird.IO.csproj", "{721FB522-0164-464B-939F-43BCBFE635F7}"
EndProject
Global
	GlobalSection(SolutionConfigurationPlatforms) = preSolution
		Debug|Any CPU = Debug|Any CPU
		Release|Any CPU = Release|Any CPU
	EndGlobalSection
	GlobalSection(ProjectConfigurationPlatforms) = postSolution
		{721FB522-0164-464B-939F-43BCBFE635F7}.Debug|Any CPU.ActiveCfg = Debug|Any CPU
		{721FB522-0164-464B-939F-43BCBFE635F7}.Debug|Any CPU.Build.0 = Debug|Any CPU
		{721FB522-0164-464B-939F-43BCBFE635F7}.Release|Any CPU.ActiveCfg = Release|Any CPU
		{721FB522-0164-464B-939F-43BCBFE635F7}.Release|Any CPU.Build.0 = Release|Any CPU
	EndGlobalSection
	GlobalSection(SolutionProperties) = preSolution
		HideSolutionNode = FALSE
	EndGlobalSection
	GlobalSection(ExtensibilityGlobals) = postSolution
		SolutionGuid = {380D4B20-0290-4315-AE82-67EF17D33722}
	EndGlobalSection
EndGlobal
