
Microsoft Visual Studio Solution File, Format Version 12.00
# Visual Studio Version 16
VisualStudioVersion = 16.0.33214.272
MinimumVisualStudioVersion = 10.0.40219.1
Project("{FAE04EC0-301F-11D3-BF4B-00C04F79EFBC}") = "TBird.Web", "TBird.Web.csproj", "{0FBC8FFC-FC11-4C59-8D52-01713819720D}"
EndProject
Global
	GlobalSection(SolutionConfigurationPlatforms) = preSolution
		Debug|Any CPU = Debug|Any CPU
		Release|Any CPU = Release|Any CPU
	EndGlobalSection
	GlobalSection(ProjectConfigurationPlatforms) = postSolution
		{0FBC8FFC-FC11-4C59-8D52-01713819720D}.Debug|Any CPU.ActiveCfg = Debug|Any CPU
		{0FBC8FFC-FC11-4C59-8D52-01713819720D}.Debug|Any CPU.Build.0 = Debug|Any CPU
		{0FBC8FFC-FC11-4C59-8D52-01713819720D}.Release|Any CPU.ActiveCfg = Release|Any CPU
		{0FBC8FFC-FC11-4C59-8D52-01713819720D}.Release|Any CPU.Build.0 = Release|Any CPU
	EndGlobalSection
	GlobalSection(SolutionProperties) = preSolution
		HideSolutionNode = FALSE
	EndGlobalSection
	GlobalSection(ExtensibilityGlobals) = postSolution
		SolutionGuid = {18CA0274-7C00-4ED0-A0DA-AC768CA04C26}
	EndGlobalSection
EndGlobal
