
Microsoft Visual Studio Solution File, Format Version 12.00
# Visual Studio Version 16
VisualStudioVersion = 16.0.33214.272
MinimumVisualStudioVersion = 10.0.40219.1
Project("{FAE04EC0-301F-11D3-BF4B-00C04F79EFBC}") = "TBird.DB.SQLite", "TBird.DB.SQLite.csproj", "{A1D24FC7-122C-410C-B4FA-F493AB99FA87}"
EndProject
Global
	GlobalSection(SolutionConfigurationPlatforms) = preSolution
		Debug|Any CPU = Debug|Any CPU
		Release|Any CPU = Release|Any CPU
	EndGlobalSection
	GlobalSection(ProjectConfigurationPlatforms) = postSolution
		{A1D24FC7-122C-410C-B4FA-F493AB99FA87}.Debug|Any CPU.ActiveCfg = Debug|Any CPU
		{A1D24FC7-122C-410C-B4FA-F493AB99FA87}.Debug|Any CPU.Build.0 = Debug|Any CPU
		{A1D24FC7-122C-410C-B4FA-F493AB99FA87}.Release|Any CPU.ActiveCfg = Release|Any CPU
		{A1D24FC7-122C-410C-B4FA-F493AB99FA87}.Release|Any CPU.Build.0 = Release|Any CPU
	EndGlobalSection
	GlobalSection(SolutionProperties) = preSolution
		HideSolutionNode = FALSE
	EndGlobalSection
	GlobalSection(ExtensibilityGlobals) = postSolution
		SolutionGuid = {8BE164D0-631B-4CED-8CD8-A3DE49BE6F21}
	EndGlobalSection
EndGlobal
