
Microsoft Visual Studio Solution File, Format Version 12.00
# Visual Studio Version 16
VisualStudioVersion = 16.0.33214.272
MinimumVisualStudioVersion = 10.0.40219.1
Project("{FAE04EC0-301F-11D3-BF4B-00C04F79EFBC}") = "TBird.Plugin", "TBird.Plugin.csproj", "{6C259D0D-7B0D-4533-AD2F-E94CB66519B2}"
EndProject
Global
	GlobalSection(SolutionConfigurationPlatforms) = preSolution
		Debug|Any CPU = Debug|Any CPU
		Release|Any CPU = Release|Any CPU
	EndGlobalSection
	GlobalSection(ProjectConfigurationPlatforms) = postSolution
		{6C259D0D-7B0D-4533-AD2F-E94CB66519B2}.Debug|Any CPU.ActiveCfg = Debug|Any CPU
		{6C259D0D-7B0D-4533-AD2F-E94CB66519B2}.Debug|Any CPU.Build.0 = Debug|Any CPU
		{6C259D0D-7B0D-4533-AD2F-E94CB66519B2}.Release|Any CPU.ActiveCfg = Release|Any CPU
		{6C259D0D-7B0D-4533-AD2F-E94CB66519B2}.Release|Any CPU.Build.0 = Release|Any CPU
	EndGlobalSection
	GlobalSection(SolutionProperties) = preSolution
		HideSolutionNode = FALSE
	EndGlobalSection
	GlobalSection(ExtensibilityGlobals) = postSolution
		SolutionGuid = {6221FE2F-1630-41FB-B487-13544572FDAF}
	EndGlobalSection
EndGlobal
