
Microsoft Visual Studio Solution File, Format Version 12.00
# Visual Studio Version 17
VisualStudioVersion = 17.6.33815.320
MinimumVisualStudioVersion = 10.0.40219.1
Project("{9A19103F-16F7-4668-BE54-9A1E7A4F7556}") = "TBird.Core", "..\TBird.Core\TBird.Core.csproj", "{75054D25-FFE2-4BF9-B44F-BC1ED9743C89}"
EndProject
Project("{9A19103F-16F7-4668-BE54-9A1E7A4F7556}") = "TBird.Web", "..\TBird.Web\TBird.Web.csproj", "{0FBC8FFC-FC11-4C59-8D52-01713819720D}"
EndProject
Project("{9A19103F-16F7-4668-BE54-9A1E7A4F7556}") = "TBird.Plugin", "..\TBird.Plugin\TBird.Plugin.csproj", "{6C259D0D-7B0D-4533-AD2F-E94CB66519B2}"
EndProject
Project("{9A19103F-16F7-4668-BE54-9A1E7A4F7556}") = "TBird.Roslyn", "..\TBird.Roslyn\TBird.Roslyn.csproj", "{77699416-5802-4FD2-88CA-857383F1B1EE}"
EndProject
Project("{9A19103F-16F7-4668-BE54-9A1E7A4F7556}") = "TBird.IO", "..\TBird.IO\TBird.IO.csproj", "{721FB522-0164-464B-939F-43BCBFE635F7}"
EndProject
Project("{9A19103F-16F7-4668-BE54-9A1E7A4F7556}") = "TBird.IO.Img", "..\TBird.IO.Img\TBird.IO.Img.csproj", "{46F43746-96BF-4298-B5C7-BD7429A2D5F9}"
EndProject
Project("{9A19103F-16F7-4668-BE54-9A1E7A4F7556}") = "TBird.DB", "..\TBird.DB\TBird.DB.csproj", "{7D1C42EC-4F68-455B-8CA7-CC76FB1350BD}"
EndProject
Project("{9A19103F-16F7-4668-BE54-9A1E7A4F7556}") = "TBird.DB.SQLite", "..\TBird.DB.SQLite\TBird.DB.SQLite.csproj", "{A1D24FC7-122C-410C-B4FA-F493AB99FA87}"
EndProject
Project("{9A19103F-16F7-4668-BE54-9A1E7A4F7556}") = "TBird.DB.SQLServer", "..\TBird.DB.SQLServer\TBird.DB.SQLServer.csproj", "{7ACAF7CF-1600-4FA2-A292-1C4B6B6AAECF}"
EndProject
Project("{9A19103F-16F7-4668-BE54-9A1E7A4F7556}") = "TBird.Wpf", "..\TBird.Wpf\TBird.Wpf.csproj", "{81E7E76E-3461-407F-B50B-45A5728D8488}"
EndProject
Project("{FAE04EC0-301F-11D3-BF4B-00C04F79EFBC}") = "TBird.Service", "..\TBird.Service\TBird.Service.csproj", "{52B3C905-E004-4D94-9348-22AD09854617}"
EndProject
Project("{FAE04EC0-301F-11D3-BF4B-00C04F79EFBC}") = "coretest", "..\coretest\coretest.csproj", "{3EAFEDC3-561F-4F2A-BB43-1806F8ACADE4}"
EndProject
Project("{9A19103F-16F7-4668-BE54-9A1E7A4F7556}") = "wpftest", "..\wpftest\wpftest.csproj", "{60C3B1BF-EF6E-44A5-AB37-3B981FD366B1}"
EndProject
Project("{9A19103F-16F7-4668-BE54-9A1E7A4F7556}") = "roslyntest", "..\roslyntest\roslyntest.csproj", "{E90E493B-C59A-467A-8BEE-DC0EC627CA6B}"
EndProject
Project("{9A19103F-16F7-4668-BE54-9A1E7A4F7556}") = "ZIPConverter", "ZIPConverter.csproj", "{500F02E1-3651-4C96-84B9-1880CCE6371B}"
EndProject
Project("{2150E333-8FDC-42A3-9474-1A3956D46DE8}") = "Libraries", "Libraries", "{A285B8D9-E870-4B0C-9B89-396F8941D4FC}"
EndProject
Global
	GlobalSection(SolutionConfigurationPlatforms) = preSolution
		Debug|Any CPU = Debug|Any CPU
		Release|Any CPU = Release|Any CPU
	EndGlobalSection
	GlobalSection(ProjectConfigurationPlatforms) = postSolution
		{75054D25-FFE2-4BF9-B44F-BC1ED9743C89}.Debug|Any CPU.ActiveCfg = Debug|Any CPU
		{75054D25-FFE2-4BF9-B44F-BC1ED9743C89}.Debug|Any CPU.Build.0 = Debug|Any CPU
		{75054D25-FFE2-4BF9-B44F-BC1ED9743C89}.Release|Any CPU.ActiveCfg = Release|Any CPU
		{75054D25-FFE2-4BF9-B44F-BC1ED9743C89}.Release|Any CPU.Build.0 = Release|Any CPU
		{0FBC8FFC-FC11-4C59-8D52-01713819720D}.Debug|Any CPU.ActiveCfg = Debug|Any CPU
		{0FBC8FFC-FC11-4C59-8D52-01713819720D}.Debug|Any CPU.Build.0 = Debug|Any CPU
		{0FBC8FFC-FC11-4C59-8D52-01713819720D}.Release|Any CPU.ActiveCfg = Release|Any CPU
		{0FBC8FFC-FC11-4C59-8D52-01713819720D}.Release|Any CPU.Build.0 = Release|Any CPU
		{6C259D0D-7B0D-4533-AD2F-E94CB66519B2}.Debug|Any CPU.ActiveCfg = Debug|Any CPU
		{6C259D0D-7B0D-4533-AD2F-E94CB66519B2}.Debug|Any CPU.Build.0 = Debug|Any CPU
		{6C259D0D-7B0D-4533-AD2F-E94CB66519B2}.Release|Any CPU.ActiveCfg = Release|Any CPU
		{6C259D0D-7B0D-4533-AD2F-E94CB66519B2}.Release|Any CPU.Build.0 = Release|Any CPU
		{77699416-5802-4FD2-88CA-857383F1B1EE}.Debug|Any CPU.ActiveCfg = Debug|Any CPU
		{77699416-5802-4FD2-88CA-857383F1B1EE}.Debug|Any CPU.Build.0 = Debug|Any CPU
		{77699416-5802-4FD2-88CA-857383F1B1EE}.Release|Any CPU.ActiveCfg = Release|Any CPU
		{77699416-5802-4FD2-88CA-857383F1B1EE}.Release|Any CPU.Build.0 = Release|Any CPU
		{721FB522-0164-464B-939F-43BCBFE635F7}.Debug|Any CPU.ActiveCfg = Debug|Any CPU
		{721FB522-0164-464B-939F-43BCBFE635F7}.Debug|Any CPU.Build.0 = Debug|Any CPU
		{721FB522-0164-464B-939F-43BCBFE635F7}.Release|Any CPU.ActiveCfg = Release|Any CPU
		{721FB522-0164-464B-939F-43BCBFE635F7}.Release|Any CPU.Build.0 = Release|Any CPU
		{46F43746-96BF-4298-B5C7-BD7429A2D5F9}.Debug|Any CPU.ActiveCfg = Debug|Any CPU
		{46F43746-96BF-4298-B5C7-BD7429A2D5F9}.Debug|Any CPU.Build.0 = Debug|Any CPU
		{46F43746-96BF-4298-B5C7-BD7429A2D5F9}.Release|Any CPU.ActiveCfg = Release|Any CPU
		{46F43746-96BF-4298-B5C7-BD7429A2D5F9}.Release|Any CPU.Build.0 = Release|Any CPU
		{7D1C42EC-4F68-455B-8CA7-CC76FB1350BD}.Debug|Any CPU.ActiveCfg = Debug|Any CPU
		{7D1C42EC-4F68-455B-8CA7-CC76FB1350BD}.Debug|Any CPU.Build.0 = Debug|Any CPU
		{7D1C42EC-4F68-455B-8CA7-CC76FB1350BD}.Release|Any CPU.ActiveCfg = Release|Any CPU
		{7D1C42EC-4F68-455B-8CA7-CC76FB1350BD}.Release|Any CPU.Build.0 = Release|Any CPU
		{A1D24FC7-122C-410C-B4FA-F493AB99FA87}.Debug|Any CPU.ActiveCfg = Debug|Any CPU
		{A1D24FC7-122C-410C-B4FA-F493AB99FA87}.Debug|Any CPU.Build.0 = Debug|Any CPU
		{A1D24FC7-122C-410C-B4FA-F493AB99FA87}.Release|Any CPU.ActiveCfg = Release|Any CPU
		{A1D24FC7-122C-410C-B4FA-F493AB99FA87}.Release|Any CPU.Build.0 = Release|Any CPU
		{7ACAF7CF-1600-4FA2-A292-1C4B6B6AAECF}.Debug|Any CPU.ActiveCfg = Debug|Any CPU
		{7ACAF7CF-1600-4FA2-A292-1C4B6B6AAECF}.Debug|Any CPU.Build.0 = Debug|Any CPU
		{7ACAF7CF-1600-4FA2-A292-1C4B6B6AAECF}.Release|Any CPU.ActiveCfg = Release|Any CPU
		{7ACAF7CF-1600-4FA2-A292-1C4B6B6AAECF}.Release|Any CPU.Build.0 = Release|Any CPU
		{81E7E76E-3461-407F-B50B-45A5728D8488}.Debug|Any CPU.ActiveCfg = Debug|Any CPU
		{81E7E76E-3461-407F-B50B-45A5728D8488}.Debug|Any CPU.Build.0 = Debug|Any CPU
		{81E7E76E-3461-407F-B50B-45A5728D8488}.Release|Any CPU.ActiveCfg = Release|Any CPU
		{81E7E76E-3461-407F-B50B-45A5728D8488}.Release|Any CPU.Build.0 = Release|Any CPU
		{52B3C905-E004-4D94-9348-22AD09854617}.Debug|Any CPU.ActiveCfg = Debug|Any CPU
		{52B3C905-E004-4D94-9348-22AD09854617}.Debug|Any CPU.Build.0 = Debug|Any CPU
		{52B3C905-E004-4D94-9348-22AD09854617}.Release|Any CPU.ActiveCfg = Release|Any CPU
		{52B3C905-E004-4D94-9348-22AD09854617}.Release|Any CPU.Build.0 = Release|Any CPU
		{3EAFEDC3-561F-4F2A-BB43-1806F8ACADE4}.Debug|Any CPU.ActiveCfg = Debug|Any CPU
		{3EAFEDC3-561F-4F2A-BB43-1806F8ACADE4}.Debug|Any CPU.Build.0 = Debug|Any CPU
		{3EAFEDC3-561F-4F2A-BB43-1806F8ACADE4}.Release|Any CPU.ActiveCfg = Release|Any CPU
		{3EAFEDC3-561F-4F2A-BB43-1806F8ACADE4}.Release|Any CPU.Build.0 = Release|Any CPU
		{60C3B1BF-EF6E-44A5-AB37-3B981FD366B1}.Debug|Any CPU.ActiveCfg = Debug|Any CPU
		{60C3B1BF-EF6E-44A5-AB37-3B981FD366B1}.Debug|Any CPU.Build.0 = Debug|Any CPU
		{60C3B1BF-EF6E-44A5-AB37-3B981FD366B1}.Release|Any CPU.ActiveCfg = Release|Any CPU
		{60C3B1BF-EF6E-44A5-AB37-3B981FD366B1}.Release|Any CPU.Build.0 = Release|Any CPU
		{E90E493B-C59A-467A-8BEE-DC0EC627CA6B}.Debug|Any CPU.ActiveCfg = Debug|Any CPU
		{E90E493B-C59A-467A-8BEE-DC0EC627CA6B}.Debug|Any CPU.Build.0 = Debug|Any CPU
		{E90E493B-C59A-467A-8BEE-DC0EC627CA6B}.Release|Any CPU.ActiveCfg = Release|Any CPU
		{E90E493B-C59A-467A-8BEE-DC0EC627CA6B}.Release|Any CPU.Build.0 = Release|Any CPU
		{500F02E1-3651-4C96-84B9-1880CCE6371B}.Debug|Any CPU.ActiveCfg = Debug|Any CPU
		{500F02E1-3651-4C96-84B9-1880CCE6371B}.Debug|Any CPU.Build.0 = Debug|Any CPU
		{500F02E1-3651-4C96-84B9-1880CCE6371B}.Release|Any CPU.ActiveCfg = Release|Any CPU
		{500F02E1-3651-4C96-84B9-1880CCE6371B}.Release|Any CPU.Build.0 = Release|Any CPU
	EndGlobalSection
	GlobalSection(SolutionProperties) = preSolution
		HideSolutionNode = FALSE
	EndGlobalSection
	GlobalSection(NestedProjects) = preSolution
		{75054D25-FFE2-4BF9-B44F-BC1ED9743C89} = {A285B8D9-E870-4B0C-9B89-396F8941D4FC}
		{0FBC8FFC-FC11-4C59-8D52-01713819720D} = {A285B8D9-E870-4B0C-9B89-396F8941D4FC}
		{6C259D0D-7B0D-4533-AD2F-E94CB66519B2} = {A285B8D9-E870-4B0C-9B89-396F8941D4FC}
		{77699416-5802-4FD2-88CA-857383F1B1EE} = {A285B8D9-E870-4B0C-9B89-396F8941D4FC}
		{721FB522-0164-464B-939F-43BCBFE635F7} = {A285B8D9-E870-4B0C-9B89-396F8941D4FC}
		{46F43746-96BF-4298-B5C7-BD7429A2D5F9} = {A285B8D9-E870-4B0C-9B89-396F8941D4FC}
		{7D1C42EC-4F68-455B-8CA7-CC76FB1350BD} = {A285B8D9-E870-4B0C-9B89-396F8941D4FC}
		{A1D24FC7-122C-410C-B4FA-F493AB99FA87} = {A285B8D9-E870-4B0C-9B89-396F8941D4FC}
		{7ACAF7CF-1600-4FA2-A292-1C4B6B6AAECF} = {A285B8D9-E870-4B0C-9B89-396F8941D4FC}
		{81E7E76E-3461-407F-B50B-45A5728D8488} = {A285B8D9-E870-4B0C-9B89-396F8941D4FC}
		{52B3C905-E004-4D94-9348-22AD09854617} = {A285B8D9-E870-4B0C-9B89-396F8941D4FC}
		{3EAFEDC3-561F-4F2A-BB43-1806F8ACADE4} = {A285B8D9-E870-4B0C-9B89-396F8941D4FC}
		{60C3B1BF-EF6E-44A5-AB37-3B981FD366B1} = {A285B8D9-E870-4B0C-9B89-396F8941D4FC}
		{E90E493B-C59A-467A-8BEE-DC0EC627CA6B} = {A285B8D9-E870-4B0C-9B89-396F8941D4FC}
	EndGlobalSection
	GlobalSection(ExtensibilityGlobals) = postSolution
		SolutionGuid = {52695DF7-51EF-4BA1-BDBD-8BB335B51053}
	EndGlobalSection
EndGlobal
